// !$*UTF8*$!
{
	archiveVersion = 1;
	classes = {
	};
	objectVersion = 46;
	objects = {

/* Begin PBXBuildFile section */
		6763B2B11C7BD79200AB1176 /* iTunesArtwork@2x.png in Resources */ = {isa = PBXBuildFile; fileRef = 6763B2B01C7BD79200AB1176 /* iTunesArtwork@2x.png */; };
		677E1BAE1C754F7A00AF65DE /* CounterViewController.m in Sources */ = {isa = PBXBuildFile; fileRef = 677E1BAD1C754F7A00AF65DE /* CounterViewController.m */; };
		677E1BB11C754F9000AF65DE /* TotalCountViewController.m in Sources */ = {isa = PBXBuildFile; fileRef = 677E1BB01C754F9000AF65DE /* TotalCountViewController.m */; };
		67B9F3261C753CBE00DBB32C /* main.m in Sources */ = {isa = PBXBuildFile; fileRef = 67B9F3251C753CBE00DBB32C /* main.m */; };
		67B9F3291C753CBE00DBB32C /* AppDelegate.m in Sources */ = {isa = PBXBuildFile; fileRef = 67B9F3281C753CBE00DBB32C /* AppDelegate.m */; };
		67B9F32C1C753CBE00DBB32C /* ViewController.m in Sources */ = {isa = PBXBuildFile; fileRef = 67B9F32B1C753CBE00DBB32C /* ViewController.m */; };
		67B9F32F1C753CBE00DBB32C /* Main.storyboard in Resources */ = {isa = PBXBuildFile; fileRef = 67B9F32D1C753CBE00DBB32C /* Main.storyboard */; };
		67B9F3311C753CBE00DBB32C /* Assets.xcassets in Resources */ = {isa = PBXBuildFile; fileRef = 67B9F3301C753CBE00DBB32C /* Assets.xcassets */; };
		67B9F3341C753CBE00DBB32C /* LaunchScreen.storyboard in Resources */ = {isa = PBXBuildFile; fileRef = 67B9F3321C753CBE00DBB32C /* LaunchScreen.storyboard */; };
/* End PBXBuildFile section */

/* Begin PBXFileReference section */
		6763B2B01C7BD79200AB1176 /* iTunesArtwork@2x.png */ = {isa = PBXFileReference; lastKnownFileType = image.png; name = "iTunesArtwork@2x.png"; path = "../../../../Downloads/icons/iTunesArtwork@2x.png"; sourceTree = "<group>"; };
		677E1BAC1C754F7A00AF65DE /* CounterViewController.h */ = {isa = PBXFileReference; fileEncoding = 4; lastKnownFileType = sourcecode.c.h; path = CounterViewController.h; sourceTree = "<group>"; };
		677E1BAD1C754F7A00AF65DE /* CounterViewController.m */ = {isa = PBXFileReference; fileEncoding = 4; lastKnownFileType = sourcecode.c.objc; path = CounterViewController.m; sourceTree = "<group>"; };
		677E1BAF1C754F9000AF65DE /* TotalCountViewController.h */ = {isa = PBXFileReference; fileEncoding = 4; lastKnownFileType = sourcecode.c.h; path = TotalCountViewController.h; sourceTree = "<group>"; };
		677E1BB01C754F9000AF65DE /* TotalCountViewController.m */ = {isa = PBXFileReference; fileEncoding = 4; lastKnownFileType = sourcecode.c.objc; path = TotalCountViewController.m; sourceTree = "<group>"; };
		67B9F3211C753CBE00DBB32C /* IOSClubProject.app */ = {isa = PBXFileReference; explicitFileType = wrapper.application; includeInIndex = 0; path = IOSClubProject.app; sourceTree = BUILT_PRODUCTS_DIR; };
		67B9F3251C753CBE00DBB32C /* main.m */ = {isa = PBXFileReference; lastKnownFileType = sourcecode.c.objc; path = main.m; sourceTree = "<group>"; };
		67B9F3271C753CBE00DBB32C /* AppDelegate.h */ = {isa = PBXFileReference; lastKnownFileType = sourcecode.c.h; path = AppDelegate.h; sourceTree = "<group>"; };
		67B9F3281C753CBE00DBB32C /* AppDelegate.m */ = {isa = PBXFileReference; lastKnownFileType = sourcecode.c.objc; path = AppDelegate.m; sourceTree = "<group>"; };
		67B9F32A1C753CBE00DBB32C /* ViewController.h */ = {isa = PBXFileReference; lastKnownFileType = sourcecode.c.h; path = ViewController.h; sourceTree = "<group>"; };
		67B9F32B1C753CBE00DBB32C /* ViewController.m */ = {isa = PBXFileReference; lastKnownFileType = sourcecode.c.objc; path = ViewController.m; sourceTree = "<group>"; };
		67B9F32E1C753CBE00DBB32C /* Base */ = {isa = PBXFileReference; lastKnownFileType = file.storyboard; name = Base; path = Base.lproj/Main.storyboard; sourceTree = "<group>"; };
		67B9F3301C753CBE00DBB32C /* Assets.xcassets */ = {isa = PBXFileReference; lastKnownFileType = folder.assetcatalog; path = Assets.xcassets; sourceTree = "<group>"; };
		67B9F3331C753CBE00DBB32C /* Base */ = {isa = PBXFileReference; lastKnownFileType = file.storyboard; name = Base; path = Base.lproj/LaunchScreen.storyboard; sourceTree = "<group>"; };
		67B9F3351C753CBE00DBB32C /* Info.plist */ = {isa = PBXFileReference; lastKnownFileType = text.plist.xml; path = Info.plist; sourceTree = "<group>"; };
/* End PBXFileReference section */

/* Begin PBXFrameworksBuildPhase section */
		67B9F31E1C753CBE00DBB32C /* Frameworks */ = {
			isa = PBXFrameworksBuildPhase;
			buildActionMask = 2147483647;
			files = (
			);
			runOnlyForDeploymentPostprocessing = 0;
		};
/* End PBXFrameworksBuildPhase section */

/* Begin PBXGroup section */
		67B9F3181C753CBE00DBB32C = {
			isa = PBXGroup;
			children = (
				67B9F3231C753CBE00DBB32C /* IOSClubProject */,
				67B9F3221C753CBE00DBB32C /* Products */,
			);
			sourceTree = "<group>";
		};
		67B9F3221C753CBE00DBB32C /* Products */ = {
			isa = PBXGroup;
			children = (
				67B9F3211C753CBE00DBB32C /* IOSClubProject.app */,
			);
			name = Products;
			sourceTree = "<group>";
		};
		67B9F3231C753CBE00DBB32C /* IOSClubProject */ = {
			isa = PBXGroup;
			children = (
				67B9F3271C753CBE00DBB32C /* AppDelegate.h */,
				67B9F3281C753CBE00DBB32C /* AppDelegate.m */,
				67B9F32A1C753CBE00DBB32C /* ViewController.h */,
				67B9F32B1C753CBE00DBB32C /* ViewController.m */,
				67B9F32D1C753CBE00DBB32C /* Main.storyboard */,
				677E1BAF1C754F9000AF65DE /* TotalCountViewController.h */,
				677E1BB01C754F9000AF65DE /* TotalCountViewController.m */,
				677E1BAC1C754F7A00AF65DE /* CounterViewController.h */,
				677E1BAD1C754F7A00AF65DE /* CounterViewController.m */,
				67B9F3301C753CBE00DBB32C /* Assets.xcassets */,
				6763B2B01C7BD79200AB1176 /* iTunesArtwork@2x.png */,
				67B9F3321C753CBE00DBB32C /* LaunchScreen.storyboard */,
				67B9F3351C753CBE00DBB32C /* Info.plist */,
				67B9F3241C753CBE00DBB32C /* Supporting Files */,
			);
			path = IOSClubProject;
			sourceTree = "<group>";
		};
		67B9F3241C753CBE00DBB32C /* Supporting Files */ = {
			isa = PBXGroup;
			children = (
				67B9F3251C753CBE00DBB32C /* main.m */,
			);
			name = "Supporting Files";
			sourceTree = "<group>";
		};
/* End PBXGroup section */

/* Begin PBXNativeTarget section */
		67B9F3201C753CBE00DBB32C /* IOSClubProject */ = {
			isa = PBXNativeTarget;
			buildConfigurationList = 67B9F3381C753CBE00DBB32C /* Build configuration list for PBXNativeTarget "IOSClubProject" */;
			buildPhases = (
				67B9F31D1C753CBE00DBB32C /* Sources */,
				67B9F31E1C753CBE00DBB32C /* Frameworks */,
				67B9F31F1C753CBE00DBB32C /* Resources */,
			);
			buildRules = (
			);
			dependencies = (
			);
			name = IOSClubProject;
			productName = IOSClubProject;
			productReference = 67B9F3211C753CBE00DBB32C /* IOSClubProject.app */;
			productType = "com.apple.product-type.application";
		};
/* End PBXNativeTarget section */

/* Begin PBXProject section */
		67B9F3191C753CBE00DBB32C /* Project object */ = {
			isa = PBXProject;
			attributes = {
				LastUpgradeCheck = 0720;
				ORGANIZATIONNAME = winnergao;
				TargetAttributes = {
					67B9F3201C753CBE00DBB32C = {
						CreatedOnToolsVersion = 7.2.1;
						DevelopmentTeam = 88BF4S29F8;
					};
				};
			};
			buildConfigurationList = 67B9F31C1C753CBE00DBB32C /* Build configuration list for PBXProject "IOSClubProject" */;
			compatibilityVersion = "Xcode 3.2";
			developmentRegion = English;
			hasScannedForEncodings = 0;
			knownRegions = (
				en,
				Base,
			);
			mainGroup = 67B9F3181C753CBE00DBB32C;
			productRefGroup = 67B9F3221C753CBE00DBB32C /* Products */;
			projectDirPath = "";
			projectRoot = "";
			targets = (
				67B9F3201C753CBE00DBB32C /* IOSClubProject */,
			);
		};
/* End PBXProject section */

/* Begin PBXResourcesBuildPhase section */
		67B9F31F1C753CBE00DBB32C /* Resources */ = {
			isa = PBXResourcesBuildPhase;
			buildActionMask = 2147483647;
			files = (
				67B9F3341C753CBE00DBB32C /* LaunchScreen.storyboard in Resources */,
				67B9F3311C753CBE00DBB32C /* Assets.xcassets in Resources */,
				67B9F32F1C753CBE00DBB32C /* Main.storyboard in Resources */,
				6763B2B11C7BD79200AB1176 /* iTunesArtwork@2x.png in Resources */,
			);
			runOnlyForDeploymentPostprocessing = 0;
		};
/* End PBXResourcesBuildPhase section */

/* Begin PBXSourcesBuildPhase section */
		67B9F31D1C753CBE00DBB32C /* Sources */ = {
			isa = PBXSourcesBuildPhase;
			buildActionMask = 2147483647;
			files = (
				677E1BB11C754F9000AF65DE /* TotalCountViewController.m in Sources */,
				67B9F32C1C753CBE00DBB32C /* ViewController.m in Sources */,
				677E1BAE1C754F7A00AF65DE /* CounterViewController.m in Sources */,
				67B9F3291C753CBE00DBB32C /* AppDelegate.m in Sources */,
				67B9F3261C753CBE00DBB32C /* main.m in Sources */,
			);
			runOnlyForDeploymentPostprocessing = 0;
		};
/* End PBXSourcesBuildPhase section */

/* Begin PBXVariantGroup section */
		67B9F32D1C753CBE00DBB32C /* Main.storyboard */ = {
			isa = PBXVariantGroup;
			children = (
				67B9F32E1C753CBE00DBB32C /* Base */,
			);
			name = Main.storyboard;
			sourceTree = "<group>";
		};
		67B9F3321C753CBE00DBB32C /* LaunchScreen.storyboard */ = {
			isa = PBXVariantGroup;
			children = (
				67B9F3331C753CBE00DBB32C /* Base */,
			);
			name = LaunchScreen.storyboard;
			sourceTree = "<group>";
		};
/* End PBXVariantGroup section */

/* Begin XCBuildConfiguration section */
		67B9F3361C753CBE00DBB32C /* Debug */ = {
			isa = XCBuildConfiguration;
			buildSettings = {
				ALWAYS_SEARCH_USER_PATHS = NO;
				CLANG_CXX_LANGUAGE_STANDARD = "gnu++0x";
				CLANG_CXX_LIBRARY = "libc++";
				CLANG_ENABLE_MODULES = YES;
				CLANG_ENABLE_OBJC_ARC = YES;
				CLANG_WARN_BOOL_CONVERSION = YES;
				CLANG_WARN_CONSTANT_CONVERSION = YES;
				CLANG_WARN_DIRECT_OBJC_ISA_USAGE = YES_ERROR;
				CLANG_WARN_EMPTY_BODY = YES;
				CLANG_WARN_ENUM_CONVERSION = YES;
				CLANG_WARN_INT_CONVERSION = YES;
				CLANG_WARN_OBJC_ROOT_CLASS = YES_ERROR;
				CLANG_WARN_UNREACHABLE_CODE = YES;
				CLANG_WARN__DUPLICATE_METHOD_MATCH = YES;
				"CODE_SIGN_IDENTITY[sdk=iphoneos*]" = "iPhone Developer";
				COPY_PHASE_STRIP = NO;
				DEBUG_INFORMATION_FORMAT = dwarf;
				ENABLE_STRICT_OBJC_MSGSEND = YES;
				ENABLE_TESTABILITY = YES;
				GCC_C_LANGUAGE_STANDARD = gnu99;
				GCC_DYNAMIC_NO_PIC = NO;
				GCC_NO_COMMON_BLOCKS = YES;
				GCC_OPTIMIZATION_LEVEL = 0;
				GCC_PREPROCESSOR_DEFINITIONS = (
					"DEBUG=1",
					"$(inherited)",
				);
				GCC_WARN_64_TO_32_BIT_CONVERSION = YES;
				GCC_WARN_ABOUT_RETURN_TYPE = YES_ERROR;
				GCC_WARN_UNDECLARED_SELECTOR = YES;
				GCC_WARN_UNINITIALIZED_AUTOS = YES_AGGRESSIVE;
				GCC_WARN_UNUSED_FUNCTION = YES;
				GCC_WARN_UNUSED_VARIABLE = YES;
				IPHONEOS_DEPLOYMENT_TARGET = 9.2;
				MTL_ENABLE_DEBUG_INFO = YES;
				ONLY_ACTIVE_ARCH = YES;
				SDKROOT = iphoneos;
				TARGETED_DEVICE_FAMILY = "1,2";
			};
			name = Debug;
		};
		67B9F3371C753CBE00DBB32C /* Release */ = {
			isa = XCBuildConfiguration;
			buildSettings = {
				ALWAYS_SEARCH_USER_PATHS = NO;
				CLANG_CXX_LANGUAGE_STANDARD = "gnu++0x";
				CLANG_CXX_LIBRARY = "libc++";
				CLANG_ENABLE_MODULES = YES;
				CLANG_ENABLE_OBJC_ARC = YES;
				CLANG_WARN_BOOL_CONVERSION = YES;
				CLANG_WARN_CONSTANT_CONVERSION = YES;
				CLANG_WARN_DIRECT_OBJC_ISA_USAGE = YES_ERROR;
				CLANG_WARN_EMPTY_BODY = YES;
				CLANG_WARN_ENUM_CONVERSION = YES;
				CLANG_WARN_INT_CONVERSION = YES;
				CLANG_WARN_OBJC_ROOT_CLASS = YES_ERROR;
				CLANG_WARN_UNREACHABLE_CODE = YES;
				CLANG_WARN__DUPLICATE_METHOD_MATCH = YES;
				"CODE_SIGN_IDENTITY[sdk=iphoneos*]" = "iPhone Developer";
				COPY_PHASE_STRIP = NO;
				DEBUG_INFORMATION_FORMAT = "dwarf-with-dsym";
				ENABLE_NS_ASSERTIONS = NO;
				ENABLE_STRICT_OBJC_MSGSEND = YES;
				GCC_C_LANGUAGE_STANDARD = gnu99;
				GCC_NO_COMMON_BLOCKS = YES;
				GCC_WARN_64_TO_32_BIT_CONVERSION = YES;
				GCC_WARN_ABOUT_RETURN_TYPE = YES_ERROR;
				GCC_WARN_UNDECLARED_SELECTOR = YES;
				GCC_WARN_UNINITIALIZED_AUTOS = YES_AGGRESSIVE;
				GCC_WARN_UNUSED_FUNCTION = YES;
				GCC_WARN_UNUSED_VARIABLE = YES;
				IPHONEOS_DEPLOYMENT_TARGET = 9.2;
				MTL_ENABLE_DEBUG_INFO = NO;
				SDKROOT = iphoneos;
				TARGETED_DEVICE_FAMILY = "1,2";
				VALIDATE_PRODUCT = YES;
			};
			name = Release;
		};
		67B9F3391C753CBE00DBB32C /* Debug */ = {
			isa = XCBuildConfiguration;
			buildSettings = {
				ASSETCATALOG_COMPILER_APPICON_NAME = AppIcon;
				INFOPLIST_FILE = IOSClubProject/Info.plist;
				LD_RUNPATH_SEARCH_PATHS = "$(inherited) @executable_path/Frameworks";
				PRODUCT_BUNDLE_IDENTIFIER = "jinghua-gao.IOSClubProject";
				PRODUCT_NAME = "$(TARGET_NAME)";
			};
			name = Debug;
		};
		67B9F33A1C753CBE00DBB32C /* Release */ = {
			isa = XCBuildConfiguration;
			buildSettings = {
				ASSETCATALOG_COMPILER_APPICON_NAME = AppIcon;
				INFOPLIST_FILE = IOSClubProject/Info.plist;
				LD_RUNPATH_SEARCH_PATHS = "$(inherited) @executable_path/Frameworks";
				PRODUCT_BUNDLE_IDENTIFIER = "jinghua-gao.IOSClubProject";
				PRODUCT_NAME = "$(TARGET_NAME)";
			};
			name = Release;
		};
/* End XCBuildConfiguration section */

/* Begin XCConfigurationList section */
		67B9F31C1C753CBE00DBB32C /* Build configuration list for PBXProject "IOSClubProject" */ = {
			isa = XCConfigurationList;
			buildConfigurations = (
				67B9F3361C753CBE00DBB32C /* Debug */,
				67B9F3371C753CBE00DBB32C /* Release */,
			);
			defaultConfigurationIsVisible = 0;
			defaultConfigurationName = Release;
		};
		67B9F3381C753CBE00DBB32C /* Build configuration list for PBXNativeTarget "IOSClubProject" */ = {
			isa = XCConfigurationList;
			buildConfigurations = (
				67B9F3391C753CBE00DBB32C /* Debug */,
				67B9F33A1C753CBE00DBB32C /* Release */,
			);
			defaultConfigurationIsVisible = 0;
			defaultConfigurationName = Release;
		};
/* End XCConfigurationList section */
	};
	rootObject = 67B9F3191C753CBE00DBB32C /* Project object */;
}
